PODS:
  - Alamofire (5.2.2)
  - AlamofireImage (4.1.0):
    - Alamofire (~> 5.1)
  - KeychainSwift (19.0.0)

DEPENDENCIES:
  - Alamofire (~> 5.2)
  - AlamofireImage (~> 4.1)
  - KeychainSwift (~> 19.0)

SPEC REPOS:
  trunk:
    - Alamofire
    - AlamofireImage
    - KeychainSwift

SPEC CHECKSUMS:
  Alamofire: 814429acc853c6c54ff123fc3d2ef66803823ce0
  AlamofireImage: c4a2ba349885fb3064feb74d2e547bd42ce9be10
  KeychainSwift: a06190cf933ad46b1e0abc3d77d29c06331715c7

PODFILE CHECKSUM: 2746f934dbe3028623833a9198122176368ef253

COCOAPODS: 1.9.3
