// !$*UTF8*$!
{
	archiveVersion = 1;
	classes = {
	};
	objectVersion = 51;
	objects = {

/* Begin PBXBuildFile section */
		19FD95BC9026B8AEE33B4109 /* Pods_IssueTrackerTests.framework in Frameworks */ = {isa = PBXBuildFile; fileRef = 89229A57067B707D9CB2A4CA /* Pods_IssueTrackerTests.framework */; };
		89150E3734F65360C8454EF7 /* Pods_IssueTracker.framework in Frameworks */ = {isa = PBXBuildFile; fileRef = 501DBAF80480CA260A53F37D /* Pods_IssueTracker.framework */; };
		AB6D4AAFBB7C541FE6F6CE42 /* Pods_IssueTracker_IssueTrackerUITests.framework in Frameworks */ = {isa = PBXBuildFile; fileRef = AB6F94E7BBED9364B061AB20 /* Pods_IssueTracker_IssueTrackerUITests.framework */; };
		F4383EC525493016003FB09D /* SignIn.storyboard in Resources */ = {isa = PBXBuildFile; fileRef = F4383EC225493016003FB09D /* SignIn.storyboard */; };
		F4383EC625493016003FB09D /* Issue.storyboard in Resources */ = {isa = PBXBuildFile; fileRef = F4383EC325493016003FB09D /* Issue.storyboard */; };
		F4383EC725493016003FB09D /* LaunchScreen.storyboard in Resources */ = {isa = PBXBuildFile; fileRef = F4383EC425493016003FB09D /* LaunchScreen.storyboard */; };
		F4383ED3254931C9003FB09D /* BadgeView.swift in Sources */ = {isa = PBXBuildFile; fileRef = F4383ED2254931C9003FB09D /* BadgeView.swift */; };
		F4383EF3254946A4003FB09D /* CheckBox.swift in Sources */ = {isa = PBXBuildFile; fileRef = F4383EF2254946A4003FB09D /* CheckBox.swift */; };
		F448516F254971F600A84527 /* IssueService.swift in Sources */ = {isa = PBXBuildFile; fileRef = F448516E254971F600A84527 /* IssueService.swift */; };
		F44851742549721F00A84527 /* Issue.swift in Sources */ = {isa = PBXBuildFile; fileRef = F44851732549721F00A84527 /* Issue.swift */; };
		F44851792549736900A84527 /* LocalIssueService.swift in Sources */ = {isa = PBXBuildFile; fileRef = F44851782549736900A84527 /* LocalIssueService.swift */; };
		F448517F2549834F00A84527 /* IssueCoordinator.swift in Sources */ = {isa = PBXBuildFile; fileRef = F448517E2549834F00A84527 /* IssueCoordinator.swift */; };
		F44851872549835600A84527 /* Coordinator.swift in Sources */ = {isa = PBXBuildFile; fileRef = F44851862549835600A84527 /* Coordinator.swift */; };
		F4E1085D254951ED0086F453 /* IssueTableViewCell.swift in Sources */ = {isa = PBXBuildFile; fileRef = F4E1085C254951ED0086F453 /* IssueTableViewCell.swift */; };
		F4FE9C0F254908F30054DAAD /* IssueViewController.swift in Sources */ = {isa = PBXBuildFile; fileRef = F4FE9C0E254908F30054DAAD /* IssueViewController.swift */; };
		FC78518F2548996400E60957 /* RoundButton.swift in Sources */ = {isa = PBXBuildFile; fileRef = FC78518E2548996400E60957 /* RoundButton.swift */; };
		FC7851A32548A13300E60957 /* GithubSignService.swift in Sources */ = {isa = PBXBuildFile; fileRef = FC7851A22548A13300E60957 /* GithubSignService.swift */; };
		FC889A97254A764600E335CF /* CoordinatorManager.swift in Sources */ = {isa = PBXBuildFile; fileRef = FC889A96254A764600E335CF /* CoordinatorManager.swift */; };
		FC889AA2254AA11200E335CF /* SelectButton.swift in Sources */ = {isa = PBXBuildFile; fileRef = FC889AA1254AA11200E335CF /* SelectButton.swift */; };
		FC889AB0254AA34B00E335CF /* IssueTableView.swift in Sources */ = {isa = PBXBuildFile; fileRef = FC889AAF254AA34B00E335CF /* IssueTableView.swift */; };
		FC889AC3254AB17600E335CF /* Issues.swift in Sources */ = {isa = PBXBuildFile; fileRef = FC889AC2254AB17600E335CF /* Issues.swift */; };
		FC889ACB254ABDA300E335CF /* BarButtonController.swift in Sources */ = {isa = PBXBuildFile; fileRef = FC889ACA254ABDA300E335CF /* BarButtonController.swift */; };
		FCF196E52547AED000AED031 /* AppDelegate.swift in Sources */ = {isa = PBXBuildFile; fileRef = FCF196E42547AED000AED031 /* AppDelegate.swift */; };
		FCF196E72547AED000AED031 /* SceneDelegate.swift in Sources */ = {isa = PBXBuildFile; fileRef = FCF196E62547AED000AED031 /* SceneDelegate.swift */; };
		FCF196E92547AED000AED031 /* SignViewController.swift in Sources */ = {isa = PBXBuildFile; fileRef = FCF196E82547AED000AED031 /* SignViewController.swift */; };
		FCF196EE2547AED200AED031 /* Assets.xcassets in Resources */ = {isa = PBXBuildFile; fileRef = FCF196ED2547AED200AED031 /* Assets.xcassets */; };
		FCF196FC2547AED200AED031 /* IssueTrackerTests.swift in Sources */ = {isa = PBXBuildFile; fileRef = FCF196FB2547AED200AED031 /* IssueTrackerTests.swift */; };
		FCF197072547AED200AED031 /* IssueTrackerUITests.swift in Sources */ = {isa = PBXBuildFile; fileRef = FCF197062547AED200AED031 /* IssueTrackerUITests.swift */; };
		FCF197212547BDAB00AED031 /* User.swift in Sources */ = {isa = PBXBuildFile; fileRef = FCF197202547BDAB00AED031 /* User.swift */; };
		FCF197342547FAB100AED031 /* SignCoordinator.swift in Sources */ = {isa = PBXBuildFile; fileRef = FCF197332547FAB100AED031 /* SignCoordinator.swift */; };
		FCF1973D2547FE8800AED031 /* AppleAuthorizationController.swift in Sources */ = {isa = PBXBuildFile; fileRef = FCF1973C2547FE8800AED031 /* AppleAuthorizationController.swift */; };
/* End PBXBuildFile section */

/* Begin PBXContainerItemProxy section */
		FCF196F82547AED200AED031 /* PBXContainerItemProxy */ = {
			isa = PBXContainerItemProxy;
			containerPortal = FCF196D92547AED000AED031 /* Project object */;
			proxyType = 1;
			remoteGlobalIDString = FCF196E02547AED000AED031;
			remoteInfo = IssueTracker;
		};
		FCF197032547AED200AED031 /* PBXContainerItemProxy */ = {
			isa = PBXContainerItemProxy;
			containerPortal = FCF196D92547AED000AED031 /* Project object */;
			proxyType = 1;
			remoteGlobalIDString = FCF196E02547AED000AED031;
			remoteInfo = IssueTracker;
		};
/* End PBXContainerItemProxy section */

/* Begin PBXFileReference section */
		1387C09B6B383CB6B9FCF11C /* Pods-IssueTrackerTests.debug.xcconfig */ = {isa = PBXFileReference; includeInIndex = 1; lastKnownFileType = text.xcconfig; name = "Pods-IssueTrackerTests.debug.xcconfig"; path = "Target Support Files/Pods-IssueTrackerTests/Pods-IssueTrackerTests.debug.xcconfig"; sourceTree = "<group>"; };
		149E23E57D0FA93E9AC93D70 /* Pods-IssueTracker-IssueTrackerUITests.release.xcconfig */ = {isa = PBXFileReference; includeInIndex = 1; lastKnownFileType = text.xcconfig; name = "Pods-IssueTracker-IssueTrackerUITests.release.xcconfig"; path = "Target Support Files/Pods-IssueTracker-IssueTrackerUITests/Pods-IssueTracker-IssueTrackerUITests.release.xcconfig"; sourceTree = "<group>"; };
		501DBAF80480CA260A53F37D /* Pods_IssueTracker.framework */ = {isa = PBXFileReference; explicitFileType = wrapper.framework; includeInIndex = 0; path = Pods_IssueTracker.framework; sourceTree = BUILT_PRODUCTS_DIR; };
		89229A57067B707D9CB2A4CA /* Pods_IssueTrackerTests.framework */ = {isa = PBXFileReference; explicitFileType = wrapper.framework; includeInIndex = 0; path = Pods_IssueTrackerTests.framework; sourceTree = BUILT_PRODUCTS_DIR; };
		980049A6BF9046B525AFD89B /* Pods-IssueTracker-IssueTrackerUITests.debug.xcconfig */ = {isa = PBXFileReference; includeInIndex = 1; lastKnownFileType = text.xcconfig; name = "Pods-IssueTracker-IssueTrackerUITests.debug.xcconfig"; path = "Target Support Files/Pods-IssueTracker-IssueTrackerUITests/Pods-IssueTracker-IssueTrackerUITests.debug.xcconfig"; sourceTree = "<group>"; };
		AB6F94E7BBED9364B061AB20 /* Pods_IssueTracker_IssueTrackerUITests.framework */ = {isa = PBXFileReference; explicitFileType = wrapper.framework; includeInIndex = 0; path = Pods_IssueTracker_IssueTrackerUITests.framework; sourceTree = BUILT_PRODUCTS_DIR; };
		BC861D99C25ED94CF15F7D8B /* Pods-IssueTracker.debug.xcconfig */ = {isa = PBXFileReference; includeInIndex = 1; lastKnownFileType = text.xcconfig; name = "Pods-IssueTracker.debug.xcconfig"; path = "Target Support Files/Pods-IssueTracker/Pods-IssueTracker.debug.xcconfig"; sourceTree = "<group>"; };
		E934C920EDEFA21987108F25 /* Pods-IssueTracker.release.xcconfig */ = {isa = PBXFileReference; includeInIndex = 1; lastKnownFileType = text.xcconfig; name = "Pods-IssueTracker.release.xcconfig"; path = "Target Support Files/Pods-IssueTracker/Pods-IssueTracker.release.xcconfig"; sourceTree = "<group>"; };
		F1FBA2F30619AD3ECA21E57C /* Pods-IssueTrackerTests.release.xcconfig */ = {isa = PBXFileReference; includeInIndex = 1; lastKnownFileType = text.xcconfig; name = "Pods-IssueTrackerTests.release.xcconfig"; path = "Target Support Files/Pods-IssueTrackerTests/Pods-IssueTrackerTests.release.xcconfig"; sourceTree = "<group>"; };
		F4383EC225493016003FB09D /* SignIn.storyboard */ = {isa = PBXFileReference; fileEncoding = 4; lastKnownFileType = file.storyboard; path = SignIn.storyboard; sourceTree = "<group>"; };
		F4383EC325493016003FB09D /* Issue.storyboard */ = {isa = PBXFileReference; fileEncoding = 4; lastKnownFileType = file.storyboard; path = Issue.storyboard; sourceTree = "<group>"; };
		F4383EC425493016003FB09D /* LaunchScreen.storyboard */ = {isa = PBXFileReference; fileEncoding = 4; lastKnownFileType = file.storyboard; path = LaunchScreen.storyboard; sourceTree = "<group>"; };
		F4383ED2254931C9003FB09D /* BadgeView.swift */ = {isa = PBXFileReference; lastKnownFileType = sourcecode.swift; path = BadgeView.swift; sourceTree = "<group>"; };
		F4383EF2254946A4003FB09D /* CheckBox.swift */ = {isa = PBXFileReference; lastKnownFileType = sourcecode.swift; path = CheckBox.swift; sourceTree = "<group>"; };
		F448516E254971F600A84527 /* IssueService.swift */ = {isa = PBXFileReference; lastKnownFileType = sourcecode.swift; path = IssueService.swift; sourceTree = "<group>"; };
		F44851732549721F00A84527 /* Issue.swift */ = {isa = PBXFileReference; lastKnownFileType = sourcecode.swift; path = Issue.swift; sourceTree = "<group>"; };
		F44851782549736900A84527 /* LocalIssueService.swift */ = {isa = PBXFileReference; lastKnownFileType = sourcecode.swift; path = LocalIssueService.swift; sourceTree = "<group>"; };
		F448517E2549834F00A84527 /* IssueCoordinator.swift */ = {isa = PBXFileReference; lastKnownFileType = sourcecode.swift; path = IssueCoordinator.swift; sourceTree = "<group>"; };
		F44851862549835600A84527 /* Coordinator.swift */ = {isa = PBXFileReference; lastKnownFileType = sourcecode.swift; path = Coordinator.swift; sourceTree = "<group>"; };
		F4AF30472547D21C006D7D0A /* IssueTracker.entitlements */ = {isa = PBXFileReference; lastKnownFileType = text.plist.entitlements; path = IssueTracker.entitlements; sourceTree = "<group>"; };
		F4E1085C254951ED0086F453 /* IssueTableViewCell.swift */ = {isa = PBXFileReference; lastKnownFileType = sourcecode.swift; path = IssueTableViewCell.swift; sourceTree = "<group>"; };
		F4FE9C0E254908F30054DAAD /* IssueViewController.swift */ = {isa = PBXFileReference; fileEncoding = 4; lastKnownFileType = sourcecode.swift; path = IssueViewController.swift; sourceTree = "<group>"; };
		FC78518E2548996400E60957 /* RoundButton.swift */ = {isa = PBXFileReference; lastKnownFileType = sourcecode.swift; path = RoundButton.swift; sourceTree = "<group>"; };
		FC7851A22548A13300E60957 /* GithubSignService.swift */ = {isa = PBXFileReference; lastKnownFileType = sourcecode.swift; path = GithubSignService.swift; sourceTree = "<group>"; };
		FC889A96254A764600E335CF /* CoordinatorManager.swift */ = {isa = PBXFileReference; lastKnownFileType = sourcecode.swift; path = CoordinatorManager.swift; sourceTree = "<group>"; };
		FC889AA1254AA11200E335CF /* SelectButton.swift */ = {isa = PBXFileReference; lastKnownFileType = sourcecode.swift; path = SelectButton.swift; sourceTree = "<group>"; };
		FC889AAF254AA34B00E335CF /* IssueTableView.swift */ = {isa = PBXFileReference; lastKnownFileType = sourcecode.swift; path = IssueTableView.swift; sourceTree = "<group>"; };
		FC889AC2254AB17600E335CF /* Issues.swift */ = {isa = PBXFileReference; lastKnownFileType = sourcecode.swift; path = Issues.swift; sourceTree = "<group>"; };
		FC889ACA254ABDA300E335CF /* BarButtonController.swift */ = {isa = PBXFileReference; lastKnownFileType = sourcecode.swift; path = BarButtonController.swift; sourceTree = "<group>"; };
		FCF196E12547AED000AED031 /* IssueTracker.app */ = {isa = PBXFileReference; explicitFileType = wrapper.application; includeInIndex = 0; path = IssueTracker.app; sourceTree = BUILT_PRODUCTS_DIR; };
		FCF196E42547AED000AED031 /* AppDelegate.swift */ = {isa = PBXFileReference; lastKnownFileType = sourcecode.swift; path = AppDelegate.swift; sourceTree = "<group>"; };
		FCF196E62547AED000AED031 /* SceneDelegate.swift */ = {isa = PBXFileReference; lastKnownFileType = sourcecode.swift; path = SceneDelegate.swift; sourceTree = "<group>"; };
		FCF196E82547AED000AED031 /* SignViewController.swift */ = {isa = PBXFileReference; lastKnownFileType = sourcecode.swift; path = SignViewController.swift; sourceTree = "<group>"; };
		FCF196ED2547AED200AED031 /* Assets.xcassets */ = {isa = PBXFileReference; lastKnownFileType = folder.assetcatalog; path = Assets.xcassets; sourceTree = "<group>"; };
		FCF196F22547AED200AED031 /* Info.plist */ = {isa = PBXFileReference; lastKnownFileType = text.plist.xml; path = Info.plist; sourceTree = "<group>"; };
		FCF196F72547AED200AED031 /* IssueTrackerTests.xctest */ = {isa = PBXFileReference; explicitFileType = wrapper.cfbundle; includeInIndex = 0; path = IssueTrackerTests.xctest; sourceTree = BUILT_PRODUCTS_DIR; };
		FCF196FB2547AED200AED031 /* IssueTrackerTests.swift */ = {isa = PBXFileReference; lastKnownFileType = sourcecode.swift; path = IssueTrackerTests.swift; sourceTree = "<group>"; };
		FCF196FD2547AED200AED031 /* Info.plist */ = {isa = PBXFileReference; lastKnownFileType = text.plist.xml; path = Info.plist; sourceTree = "<group>"; };
		FCF197022547AED200AED031 /* IssueTrackerUITests.xctest */ = {isa = PBXFileReference; explicitFileType = wrapper.cfbundle; includeInIndex = 0; path = IssueTrackerUITests.xctest; sourceTree = BUILT_PRODUCTS_DIR; };
		FCF197062547AED200AED031 /* IssueTrackerUITests.swift */ = {isa = PBXFileReference; lastKnownFileType = sourcecode.swift; path = IssueTrackerUITests.swift; sourceTree = "<group>"; };
		FCF197082547AED200AED031 /* Info.plist */ = {isa = PBXFileReference; lastKnownFileType = text.plist.xml; path = Info.plist; sourceTree = "<group>"; };
		FCF197202547BDAB00AED031 /* User.swift */ = {isa = PBXFileReference; lastKnownFileType = sourcecode.swift; path = User.swift; sourceTree = "<group>"; };
		FCF197332547FAB100AED031 /* SignCoordinator.swift */ = {isa = PBXFileReference; lastKnownFileType = sourcecode.swift; path = SignCoordinator.swift; sourceTree = "<group>"; };
		FCF1973C2547FE8800AED031 /* AppleAuthorizationController.swift */ = {isa = PBXFileReference; lastKnownFileType = sourcecode.swift; path = AppleAuthorizationController.swift; sourceTree = "<group>"; };
/* End PBXFileReference section */

/* Begin PBXFrameworksBuildPhase section */
		FCF196DE2547AED000AED031 /* Frameworks */ = {
			isa = PBXFrameworksBuildPhase;
			buildActionMask = 2147483647;
			files = (
				89150E3734F65360C8454EF7 /* Pods_IssueTracker.framework in Frameworks */,
			);
			runOnlyForDeploymentPostprocessing = 0;
		};
		FCF196F42547AED200AED031 /* Frameworks */ = {
			isa = PBXFrameworksBuildPhase;
			buildActionMask = 2147483647;
			files = (
				19FD95BC9026B8AEE33B4109 /* Pods_IssueTrackerTests.framework in Frameworks */,
			);
			runOnlyForDeploymentPostprocessing = 0;
		};
		FCF196FF2547AED200AED031 /* Frameworks */ = {
			isa = PBXFrameworksBuildPhase;
			buildActionMask = 2147483647;
			files = (
				AB6D4AAFBB7C541FE6F6CE42 /* Pods_IssueTracker_IssueTrackerUITests.framework in Frameworks */,
			);
			runOnlyForDeploymentPostprocessing = 0;
		};
/* End PBXFrameworksBuildPhase section */

/* Begin PBXGroup section */
		8973232948561132B2E5B9DF /* Frameworks */ = {
			isa = PBXGroup;
			children = (
				501DBAF80480CA260A53F37D /* Pods_IssueTracker.framework */,
				AB6F94E7BBED9364B061AB20 /* Pods_IssueTracker_IssueTrackerUITests.framework */,
				89229A57067B707D9CB2A4CA /* Pods_IssueTrackerTests.framework */,
			);
			name = Frameworks;
			sourceTree = "<group>";
		};
		D7CF650C2FDC46E1AF78BF95 /* Pods */ = {
			isa = PBXGroup;
			children = (
				BC861D99C25ED94CF15F7D8B /* Pods-IssueTracker.debug.xcconfig */,
				E934C920EDEFA21987108F25 /* Pods-IssueTracker.release.xcconfig */,
				980049A6BF9046B525AFD89B /* Pods-IssueTracker-IssueTrackerUITests.debug.xcconfig */,
				149E23E57D0FA93E9AC93D70 /* Pods-IssueTracker-IssueTrackerUITests.release.xcconfig */,
				1387C09B6B383CB6B9FCF11C /* Pods-IssueTrackerTests.debug.xcconfig */,
				F1FBA2F30619AD3ECA21E57C /* Pods-IssueTrackerTests.release.xcconfig */,
			);
			path = Pods;
			sourceTree = "<group>";
		};
		F448517D2549833700A84527 /* Coordinators */ = {
			isa = PBXGroup;
			children = (
				FC889A96254A764600E335CF /* CoordinatorManager.swift */,
				FCF197332547FAB100AED031 /* SignCoordinator.swift */,
				F448517E2549834F00A84527 /* IssueCoordinator.swift */,
				F44851862549835600A84527 /* Coordinator.swift */,
			);
			path = Coordinators;
			sourceTree = "<group>";
		};
		F4AF30422547CF26006D7D0A /* Views */ = {
			isa = PBXGroup;
			children = (
				F4E10861254951F30086F453 /* Customs */,
				FC78518D2548992900E60957 /* Designables */,
				F4AF30432547CF2E006D7D0A /* Storyboards */,
			);
			path = Views;
			sourceTree = "<group>";
		};
		F4AF30432547CF2E006D7D0A /* Storyboards */ = {
			isa = PBXGroup;
			children = (
				F4383EC325493016003FB09D /* Issue.storyboard */,
				F4383EC425493016003FB09D /* LaunchScreen.storyboard */,
				F4383EC225493016003FB09D /* SignIn.storyboard */,
			);
			path = Storyboards;
			sourceTree = "<group>";
		};
		F4D544982549132600D9F4B9 /* Issue */ = {
			isa = PBXGroup;
			children = (
				F4FE9C0E254908F30054DAAD /* IssueViewController.swift */,
				F448516E254971F600A84527 /* IssueService.swift */,
				F44851782549736900A84527 /* LocalIssueService.swift */,
			);
			path = Issue;
			sourceTree = "<group>";
		};
		F4E10861254951F30086F453 /* Customs */ = {
			isa = PBXGroup;
			children = (
				FC889AB7254AAE9900E335CF /* Issue */,
			);
			path = Customs;
			sourceTree = "<group>";
		};
		FC78518D2548992900E60957 /* Designables */ = {
			isa = PBXGroup;
			children = (
				FC78518E2548996400E60957 /* RoundButton.swift */,
				F4383ED2254931C9003FB09D /* BadgeView.swift */,
			);
			path = Designables;
			sourceTree = "<group>";
		};
		FC889AB7254AAE9900E335CF /* Issue */ = {
			isa = PBXGroup;
			children = (
				FC889AAF254AA34B00E335CF /* IssueTableView.swift */,
				F4E1085C254951ED0086F453 /* IssueTableViewCell.swift */,
				FC889AA1254AA11200E335CF /* SelectButton.swift */,
				F4383EF2254946A4003FB09D /* CheckBox.swift */,
				FC889ACA254ABDA300E335CF /* BarButtonController.swift */,
			);
			path = Issue;
			sourceTree = "<group>";
		};
		FCF196D82547AED000AED031 = {
			isa = PBXGroup;
			children = (
				FCF196E32547AED000AED031 /* IssueTracker */,
				FCF196FA2547AED200AED031 /* IssueTrackerTests */,
				FCF197052547AED200AED031 /* IssueTrackerUITests */,
				FCF196E22547AED000AED031 /* Products */,
				D7CF650C2FDC46E1AF78BF95 /* Pods */,
				8973232948561132B2E5B9DF /* Frameworks */,
			);
			sourceTree = "<group>";
		};
		FCF196E22547AED000AED031 /* Products */ = {
			isa = PBXGroup;
			children = (
				FCF196E12547AED000AED031 /* IssueTracker.app */,
				FCF196F72547AED200AED031 /* IssueTrackerTests.xctest */,
				FCF197022547AED200AED031 /* IssueTrackerUITests.xctest */,
			);
			name = Products;
			sourceTree = "<group>";
		};
		FCF196E32547AED000AED031 /* IssueTracker */ = {
			isa = PBXGroup;
			children = (
				F4AF30472547D21C006D7D0A /* IssueTracker.entitlements */,
				F4AF30422547CF26006D7D0A /* Views */,
				FCF197182547BCA500AED031 /* ViewControllers */,
				FCF197172547BC9F00AED031 /* Models */,
				F448517D2549833700A84527 /* Coordinators */,
				FCF196E42547AED000AED031 /* AppDelegate.swift */,
				FCF196E62547AED000AED031 /* SceneDelegate.swift */,
				FCF196ED2547AED200AED031 /* Assets.xcassets */,
				FCF196F22547AED200AED031 /* Info.plist */,
			);
			path = IssueTracker;
			sourceTree = "<group>";
		};
		FCF196FA2547AED200AED031 /* IssueTrackerTests */ = {
			isa = PBXGroup;
			children = (
				FCF196FB2547AED200AED031 /* IssueTrackerTests.swift */,
				FCF196FD2547AED200AED031 /* Info.plist */,
			);
			path = IssueTrackerTests;
			sourceTree = "<group>";
		};
		FCF197052547AED200AED031 /* IssueTrackerUITests */ = {
			isa = PBXGroup;
			children = (
				FCF197062547AED200AED031 /* IssueTrackerUITests.swift */,
				FCF197082547AED200AED031 /* Info.plist */,
			);
			path = IssueTrackerUITests;
			sourceTree = "<group>";
		};
		FCF197172547BC9F00AED031 /* Models */ = {
			isa = PBXGroup;
			children = (
				FCF197202547BDAB00AED031 /* User.swift */,
				F44851732549721F00A84527 /* Issue.swift */,
				FC889AC2254AB17600E335CF /* Issues.swift */,
			);
			path = Models;
			sourceTree = "<group>";
		};
		FCF197182547BCA500AED031 /* ViewControllers */ = {
			isa = PBXGroup;
			children = (
				F4D544982549132600D9F4B9 /* Issue */,
				FCF197382547FC9A00AED031 /* Sign */,
			);
			path = ViewControllers;
			sourceTree = "<group>";
		};
		FCF197382547FC9A00AED031 /* Sign */ = {
			isa = PBXGroup;
			children = (
				FCF196E82547AED000AED031 /* SignViewController.swift */,
				FCF1973C2547FE8800AED031 /* AppleAuthorizationController.swift */,
				FC7851A22548A13300E60957 /* GithubSignService.swift */,
			);
			path = Sign;
			sourceTree = "<group>";
		};
/* End PBXGroup section */

/* Begin PBXNativeTarget section */
		FCF196E02547AED000AED031 /* IssueTracker */ = {
			isa = PBXNativeTarget;
			buildConfigurationList = FCF1970B2547AED200AED031 /* Build configuration list for PBXNativeTarget "IssueTracker" */;
			buildPhases = (
				5A05F344F02429A054024E72 /* [CP] Check Pods Manifest.lock */,
				FCF196DD2547AED000AED031 /* Sources */,
				FCF196DE2547AED000AED031 /* Frameworks */,
				FCF196DF2547AED000AED031 /* Resources */,
				993CD7DEA0F76DD4FB8A46BC /* [CP] Embed Pods Frameworks */,
			);
			buildRules = (
			);
			dependencies = (
			);
			name = IssueTracker;
			productName = IssueTracker;
			productReference = FCF196E12547AED000AED031 /* IssueTracker.app */;
			productType = "com.apple.product-type.application";
		};
		FCF196F62547AED200AED031 /* IssueTrackerTests */ = {
			isa = PBXNativeTarget;
			buildConfigurationList = FCF1970E2547AED200AED031 /* Build configuration list for PBXNativeTarget "IssueTrackerTests" */;
			buildPhases = (
				911D3ED2F63348452AB2079E /* [CP] Check Pods Manifest.lock */,
				FCF196F32547AED200AED031 /* Sources */,
				FCF196F42547AED200AED031 /* Frameworks */,
				FCF196F52547AED200AED031 /* Resources */,
			);
			buildRules = (
			);
			dependencies = (
				FCF196F92547AED200AED031 /* PBXTargetDependency */,
			);
			name = IssueTrackerTests;
			productName = IssueTrackerTests;
			productReference = FCF196F72547AED200AED031 /* IssueTrackerTests.xctest */;
			productType = "com.apple.product-type.bundle.unit-test";
		};
		FCF197012547AED200AED031 /* IssueTrackerUITests */ = {
			isa = PBXNativeTarget;
			buildConfigurationList = FCF197112547AED200AED031 /* Build configuration list for PBXNativeTarget "IssueTrackerUITests" */;
			buildPhases = (
				C126FA24906EDF11ABE42C02 /* [CP] Check Pods Manifest.lock */,
				FCF196FE2547AED200AED031 /* Sources */,
				FCF196FF2547AED200AED031 /* Frameworks */,
				FCF197002547AED200AED031 /* Resources */,
				274E2044CBEEFE3F1DF72E01 /* [CP] Embed Pods Frameworks */,
			);
			buildRules = (
			);
			dependencies = (
				FCF197042547AED200AED031 /* PBXTargetDependency */,
			);
			name = IssueTrackerUITests;
			productName = IssueTrackerUITests;
			productReference = FCF197022547AED200AED031 /* IssueTrackerUITests.xctest */;
			productType = "com.apple.product-type.bundle.ui-testing";
		};
/* End PBXNativeTarget section */

/* Begin PBXProject section */
		FCF196D92547AED000AED031 /* Project object */ = {
			isa = PBXProject;
			attributes = {
				LastSwiftUpdateCheck = 1200;
				LastUpgradeCheck = 1200;
				TargetAttributes = {
					FCF196E02547AED000AED031 = {
						CreatedOnToolsVersion = 12.0;
					};
					FCF196F62547AED200AED031 = {
						CreatedOnToolsVersion = 12.0;
						TestTargetID = FCF196E02547AED000AED031;
					};
					FCF197012547AED200AED031 = {
						CreatedOnToolsVersion = 12.0;
						TestTargetID = FCF196E02547AED000AED031;
					};
				};
			};
			buildConfigurationList = FCF196DC2547AED000AED031 /* Build configuration list for PBXProject "IssueTracker" */;
			compatibilityVersion = "Xcode 9.3";
			developmentRegion = en;
			hasScannedForEncodings = 0;
			knownRegions = (
				en,
				Base,
			);
			mainGroup = FCF196D82547AED000AED031;
			productRefGroup = FCF196E22547AED000AED031 /* Products */;
			projectDirPath = "";
			projectRoot = "";
			targets = (
				FCF196E02547AED000AED031 /* IssueTracker */,
				FCF196F62547AED200AED031 /* IssueTrackerTests */,
				FCF197012547AED200AED031 /* IssueTrackerUITests */,
			);
		};
/* End PBXProject section */

/* Begin PBXResourcesBuildPhase section */
		FCF196DF2547AED000AED031 /* Resources */ = {
			isa = PBXResourcesBuildPhase;
			buildActionMask = 2147483647;
			files = (
				F4383EC525493016003FB09D /* SignIn.storyboard in Resources */,
				F4383EC725493016003FB09D /* LaunchScreen.storyboard in Resources */,
				F4383EC625493016003FB09D /* Issue.storyboard in Resources */,
				FCF196EE2547AED200AED031 /* Assets.xcassets in Resources */,
			);
			runOnlyForDeploymentPostprocessing = 0;
		};
		FCF196F52547AED200AED031 /* Resources */ = {
			isa = PBXResourcesBuildPhase;
			buildActionMask = 2147483647;
			files = (
			);
			runOnlyForDeploymentPostprocessing = 0;
		};
		FCF197002547AED200AED031 /* Resources */ = {
			isa = PBXResourcesBuildPhase;
			buildActionMask = 2147483647;
			files = (
			);
			runOnlyForDeploymentPostprocessing = 0;
		};
/* End PBXResourcesBuildPhase section */

/* Begin PBXShellScriptBuildPhase section */
		274E2044CBEEFE3F1DF72E01 /* [CP] Embed Pods Frameworks */ = {
			isa = PBXShellScriptBuildPhase;
			buildActionMask = 2147483647;
			files = (
			);
			inputFileListPaths = (
				"${PODS_ROOT}/Target Support Files/Pods-IssueTracker-IssueTrackerUITests/Pods-IssueTracker-IssueTrackerUITests-frameworks-${CONFIGURATION}-input-files.xcfilelist",
			);
			name = "[CP] Embed Pods Frameworks";
			outputFileListPaths = (
				"${PODS_ROOT}/Target Support Files/Pods-IssueTracker-IssueTrackerUITests/Pods-IssueTracker-IssueTrackerUITests-frameworks-${CONFIGURATION}-output-files.xcfilelist",
			);
			runOnlyForDeploymentPostprocessing = 0;
			shellPath = /bin/sh;
			shellScript = "\"${PODS_ROOT}/Target Support Files/Pods-IssueTracker-IssueTrackerUITests/Pods-IssueTracker-IssueTrackerUITests-frameworks.sh\"\n";
			showEnvVarsInLog = 0;
		};
		5A05F344F02429A054024E72 /* [CP] Check Pods Manifest.lock */ = {
			isa = PBXShellScriptBuildPhase;
			buildActionMask = 2147483647;
			files = (
			);
			inputFileListPaths = (
			);
			inputPaths = (
				"${PODS_PODFILE_DIR_PATH}/Podfile.lock",
				"${PODS_ROOT}/Manifest.lock",
			);
			name = "[CP] Check Pods Manifest.lock";
			outputFileListPaths = (
			);
			outputPaths = (
				"$(DERIVED_FILE_DIR)/Pods-IssueTracker-checkManifestLockResult.txt",
			);
			runOnlyForDeploymentPostprocessing = 0;
			shellPath = /bin/sh;
			shellScript = "diff \"${PODS_PODFILE_DIR_PATH}/Podfile.lock\" \"${PODS_ROOT}/Manifest.lock\" > /dev/null\nif [ $? != 0 ] ; then\n    # print error to STDERR\n    echo \"error: The sandbox is not in sync with the Podfile.lock. Run 'pod install' or update your CocoaPods installation.\" >&2\n    exit 1\nfi\n# This output is used by Xcode 'outputs' to avoid re-running this script phase.\necho \"SUCCESS\" > \"${SCRIPT_OUTPUT_FILE_0}\"\n";
			showEnvVarsInLog = 0;
		};
		911D3ED2F63348452AB2079E /* [CP] Check Pods Manifest.lock */ = {
			isa = PBXShellScriptBuildPhase;
			buildActionMask = 2147483647;
			files = (
			);
			inputFileListPaths = (
			);
			inputPaths = (
				"${PODS_PODFILE_DIR_PATH}/Podfile.lock",
				"${PODS_ROOT}/Manifest.lock",
			);
			name = "[CP] Check Pods Manifest.lock";
			outputFileListPaths = (
			);
			outputPaths = (
				"$(DERIVED_FILE_DIR)/Pods-IssueTrackerTests-checkManifestLockResult.txt",
			);
			runOnlyForDeploymentPostprocessing = 0;
			shellPath = /bin/sh;
			shellScript = "diff \"${PODS_PODFILE_DIR_PATH}/Podfile.lock\" \"${PODS_ROOT}/Manifest.lock\" > /dev/null\nif [ $? != 0 ] ; then\n    # print error to STDERR\n    echo \"error: The sandbox is not in sync with the Podfile.lock. Run 'pod install' or update your CocoaPods installation.\" >&2\n    exit 1\nfi\n# This output is used by Xcode 'outputs' to avoid re-running this script phase.\necho \"SUCCESS\" > \"${SCRIPT_OUTPUT_FILE_0}\"\n";
			showEnvVarsInLog = 0;
		};
		993CD7DEA0F76DD4FB8A46BC /* [CP] Embed Pods Frameworks */ = {
			isa = PBXShellScriptBuildPhase;
			buildActionMask = 2147483647;
			files = (
			);
			inputFileListPaths = (
				"${PODS_ROOT}/Target Support Files/Pods-IssueTracker/Pods-IssueTracker-frameworks-${CONFIGURATION}-input-files.xcfilelist",
			);
			name = "[CP] Embed Pods Frameworks";
			outputFileListPaths = (
				"${PODS_ROOT}/Target Support Files/Pods-IssueTracker/Pods-IssueTracker-frameworks-${CONFIGURATION}-output-files.xcfilelist",
			);
			runOnlyForDeploymentPostprocessing = 0;
			shellPath = /bin/sh;
			shellScript = "\"${PODS_ROOT}/Target Support Files/Pods-IssueTracker/Pods-IssueTracker-frameworks.sh\"\n";
			showEnvVarsInLog = 0;
		};
		C126FA24906EDF11ABE42C02 /* [CP] Check Pods Manifest.lock */ = {
			isa = PBXShellScriptBuildPhase;
			buildActionMask = 2147483647;
			files = (
			);
			inputFileListPaths = (
			);
			inputPaths = (
				"${PODS_PODFILE_DIR_PATH}/Podfile.lock",
				"${PODS_ROOT}/Manifest.lock",
			);
			name = "[CP] Check Pods Manifest.lock";
			outputFileListPaths = (
			);
			outputPaths = (
				"$(DERIVED_FILE_DIR)/Pods-IssueTracker-IssueTrackerUITests-checkManifestLockResult.txt",
			);
			runOnlyForDeploymentPostprocessing = 0;
			shellPath = /bin/sh;
			shellScript = "diff \"${PODS_PODFILE_DIR_PATH}/Podfile.lock\" \"${PODS_ROOT}/Manifest.lock\" > /dev/null\nif [ $? != 0 ] ; then\n    # print error to STDERR\n    echo \"error: The sandbox is not in sync with the Podfile.lock. Run 'pod install' or update your CocoaPods installation.\" >&2\n    exit 1\nfi\n# This output is used by Xcode 'outputs' to avoid re-running this script phase.\necho \"SUCCESS\" > \"${SCRIPT_OUTPUT_FILE_0}\"\n";
			showEnvVarsInLog = 0;
		};
/* End PBXShellScriptBuildPhase section */

/* Begin PBXSourcesBuildPhase section */
		FCF196DD2547AED000AED031 /* Sources */ = {
			isa = PBXSourcesBuildPhase;
			buildActionMask = 2147483647;
			files = (
				FC889A97254A764600E335CF /* CoordinatorManager.swift in Sources */,
				F4FE9C0F254908F30054DAAD /* IssueViewController.swift in Sources */,
				F44851742549721F00A84527 /* Issue.swift in Sources */,
				FC889AB0254AA34B00E335CF /* IssueTableView.swift in Sources */,
				FCF197212547BDAB00AED031 /* User.swift in Sources */,
				FCF196E92547AED000AED031 /* SignViewController.swift in Sources */,
				F4E1085D254951ED0086F453 /* IssueTableViewCell.swift in Sources */,
				F44851792549736900A84527 /* LocalIssueService.swift in Sources */,
				F4383EF3254946A4003FB09D /* CheckBox.swift in Sources */,
				FC889ACB254ABDA300E335CF /* BarButtonController.swift in Sources */,
				F4383ED3254931C9003FB09D /* BadgeView.swift in Sources */,
				FC78518F2548996400E60957 /* RoundButton.swift in Sources */,
				F448516F254971F600A84527 /* IssueService.swift in Sources */,
				F44851872549835600A84527 /* Coordinator.swift in Sources */,
				FCF196E52547AED000AED031 /* AppDelegate.swift in Sources */,
				FCF196E72547AED000AED031 /* SceneDelegate.swift in Sources */,
				FCF197342547FAB100AED031 /* SignCoordinator.swift in Sources */,
				FC7851A32548A13300E60957 /* GithubSignService.swift in Sources */,
				FC889AC3254AB17600E335CF /* Issues.swift in Sources */,
				F448517F2549834F00A84527 /* IssueCoordinator.swift in Sources */,
				FC889AA2254AA11200E335CF /* SelectButton.swift in Sources */,
				FCF1973D2547FE8800AED031 /* AppleAuthorizationController.swift in Sources */,
			);
			runOnlyForDeploymentPostprocessing = 0;
		};
		FCF196F32547AED200AED031 /* Sources */ = {
			isa = PBXSourcesBuildPhase;
			buildActionMask = 2147483647;
			files = (
				FCF196FC2547AED200AED031 /* IssueTrackerTests.swift in Sources */,
			);
			runOnlyForDeploymentPostprocessing = 0;
		};
		FCF196FE2547AED200AED031 /* Sources */ = {
			isa = PBXSourcesBuildPhase;
			buildActionMask = 2147483647;
			files = (
				FCF197072547AED200AED031 /* IssueTrackerUITests.swift in Sources */,
			);
			runOnlyForDeploymentPostprocessing = 0;
		};
/* End PBXSourcesBuildPhase section */

/* Begin PBXTargetDependency section */
		FCF196F92547AED200AED031 /* PBXTargetDependency */ = {
			isa = PBXTargetDependency;
			target = FCF196E02547AED000AED031 /* IssueTracker */;
			targetProxy = FCF196F82547AED200AED031 /* PBXContainerItemProxy */;
		};
		FCF197042547AED200AED031 /* PBXTargetDependency */ = {
			isa = PBXTargetDependency;
			target = FCF196E02547AED000AED031 /* IssueTracker */;
			targetProxy = FCF197032547AED200AED031 /* PBXContainerItemProxy */;
		};
/* End PBXTargetDependency section */

/* Begin XCBuildConfiguration section */
		FCF197092547AED200AED031 /* Debug */ = {
			isa = XCBuildConfiguration;
			buildSettings = {
				ALWAYS_SEARCH_USER_PATHS = NO;
				CLANG_ANALYZER_NONNULL = YES;
				CLANG_ANALYZER_NUMBER_OBJECT_CONVERSION = YES_AGGRESSIVE;
				CLANG_CXX_LANGUAGE_STANDARD = "gnu++14";
				CLANG_CXX_LIBRARY = "libc++";
				CLANG_ENABLE_MODULES = YES;
				CLANG_ENABLE_OBJC_ARC = YES;
				CLANG_ENABLE_OBJC_WEAK = YES;
				CLANG_WARN_BLOCK_CAPTURE_AUTORELEASING = YES;
				CLANG_WARN_BOOL_CONVERSION = YES;
				CLANG_WARN_COMMA = YES;
				CLANG_WARN_CONSTANT_CONVERSION = YES;
				CLANG_WARN_DEPRECATED_OBJC_IMPLEMENTATIONS = YES;
				CLANG_WARN_DIRECT_OBJC_ISA_USAGE = YES_ERROR;
				CLANG_WARN_DOCUMENTATION_COMMENTS = YES;
				CLANG_WARN_EMPTY_BODY = YES;
				CLANG_WARN_ENUM_CONVERSION = YES;
				CLANG_WARN_INFINITE_RECURSION = YES;
				CLANG_WARN_INT_CONVERSION = YES;
				CLANG_WARN_NON_LITERAL_NULL_CONVERSION = YES;
				CLANG_WARN_OBJC_IMPLICIT_RETAIN_SELF = YES;
				CLANG_WARN_OBJC_LITERAL_CONVERSION = YES;
				CLANG_WARN_OBJC_ROOT_CLASS = YES_ERROR;
				CLANG_WARN_QUOTED_INCLUDE_IN_FRAMEWORK_HEADER = YES;
				CLANG_WARN_RANGE_LOOP_ANALYSIS = YES;
				CLANG_WARN_STRICT_PROTOTYPES = YES;
				CLANG_WARN_SUSPICIOUS_MOVE = YES;
				CLANG_WARN_UNGUARDED_AVAILABILITY = YES_AGGRESSIVE;
				CLANG_WARN_UNREACHABLE_CODE = YES;
				CLANG_WARN__DUPLICATE_METHOD_MATCH = YES;
				COPY_PHASE_STRIP = NO;
				DEBUG_INFORMATION_FORMAT = dwarf;
				ENABLE_STRICT_OBJC_MSGSEND = YES;
				ENABLE_TESTABILITY = YES;
				GCC_C_LANGUAGE_STANDARD = gnu11;
				GCC_DYNAMIC_NO_PIC = NO;
				GCC_NO_COMMON_BLOCKS = YES;
				GCC_OPTIMIZATION_LEVEL = 0;
				GCC_PREPROCESSOR_DEFINITIONS = (
					"DEBUG=1",
					"$(inherited)",
				);
				GCC_WARN_64_TO_32_BIT_CONVERSION = YES;
				GCC_WARN_ABOUT_RETURN_TYPE = YES_ERROR;
				GCC_WARN_UNDECLARED_SELECTOR = YES;
				GCC_WARN_UNINITIALIZED_AUTOS = YES_AGGRESSIVE;
				GCC_WARN_UNUSED_FUNCTION = YES;
				GCC_WARN_UNUSED_VARIABLE = YES;
				IPHONEOS_DEPLOYMENT_TARGET = 14.0;
				MTL_ENABLE_DEBUG_INFO = INCLUDE_SOURCE;
				MTL_FAST_MATH = YES;
				ONLY_ACTIVE_ARCH = YES;
				SDKROOT = iphoneos;
				SWIFT_ACTIVE_COMPILATION_CONDITIONS = DEBUG;
				SWIFT_OPTIMIZATION_LEVEL = "-Onone";
			};
			name = Debug;
		};
		FCF1970A2547AED200AED031 /* Release */ = {
			isa = XCBuildConfiguration;
			buildSettings = {
				ALWAYS_SEARCH_USER_PATHS = NO;
				CLANG_ANALYZER_NONNULL = YES;
				CLANG_ANALYZER_NUMBER_OBJECT_CONVERSION = YES_AGGRESSIVE;
				CLANG_CXX_LANGUAGE_STANDARD = "gnu++14";
				CLANG_CXX_LIBRARY = "libc++";
				CLANG_ENABLE_MODULES = YES;
				CLANG_ENABLE_OBJC_ARC = YES;
				CLANG_ENABLE_OBJC_WEAK = YES;
				CLANG_WARN_BLOCK_CAPTURE_AUTORELEASING = YES;
				CLANG_WARN_BOOL_CONVERSION = YES;
				CLANG_WARN_COMMA = YES;
				CLANG_WARN_CONSTANT_CONVERSION = YES;
				CLANG_WARN_DEPRECATED_OBJC_IMPLEMENTATIONS = YES;
				CLANG_WARN_DIRECT_OBJC_ISA_USAGE = YES_ERROR;
				CLANG_WARN_DOCUMENTATION_COMMENTS = YES;
				CLANG_WARN_EMPTY_BODY = YES;
				CLANG_WARN_ENUM_CONVERSION = YES;
				CLANG_WARN_INFINITE_RECURSION = YES;
				CLANG_WARN_INT_CONVERSION = YES;
				CLANG_WARN_NON_LITERAL_NULL_CONVERSION = YES;
				CLANG_WARN_OBJC_IMPLICIT_RETAIN_SELF = YES;
				CLANG_WARN_OBJC_LITERAL_CONVERSION = YES;
				CLANG_WARN_OBJC_ROOT_CLASS = YES_ERROR;
				CLANG_WARN_QUOTED_INCLUDE_IN_FRAMEWORK_HEADER = YES;
				CLANG_WARN_RANGE_LOOP_ANALYSIS = YES;
				CLANG_WARN_STRICT_PROTOTYPES = YES;
				CLANG_WARN_SUSPICIOUS_MOVE = YES;
				CLANG_WARN_UNGUARDED_AVAILABILITY = YES_AGGRESSIVE;
				CLANG_WARN_UNREACHABLE_CODE = YES;
				CLANG_WARN__DUPLICATE_METHOD_MATCH = YES;
				COPY_PHASE_STRIP = NO;
				DEBUG_INFORMATION_FORMAT = "dwarf-with-dsym";
				ENABLE_NS_ASSERTIONS = NO;
				ENABLE_STRICT_OBJC_MSGSEND = YES;
				GCC_C_LANGUAGE_STANDARD = gnu11;
				GCC_NO_COMMON_BLOCKS = YES;
				GCC_WARN_64_TO_32_BIT_CONVERSION = YES;
				GCC_WARN_ABOUT_RETURN_TYPE = YES_ERROR;
				GCC_WARN_UNDECLARED_SELECTOR = YES;
				GCC_WARN_UNINITIALIZED_AUTOS = YES_AGGRESSIVE;
				GCC_WARN_UNUSED_FUNCTION = YES;
				GCC_WARN_UNUSED_VARIABLE = YES;
				IPHONEOS_DEPLOYMENT_TARGET = 14.0;
				MTL_ENABLE_DEBUG_INFO = NO;
				MTL_FAST_MATH = YES;
				SDKROOT = iphoneos;
				SWIFT_COMPILATION_MODE = wholemodule;
				SWIFT_OPTIMIZATION_LEVEL = "-O";
				VALIDATE_PRODUCT = YES;
			};
			name = Release;
		};
		FCF1970C2547AED200AED031 /* Debug */ = {
			isa = XCBuildConfiguration;
			baseConfigurationReference = BC861D99C25ED94CF15F7D8B /* Pods-IssueTracker.debug.xcconfig */;
			buildSettings = {
				ASSETCATALOG_COMPILER_APPICON_NAME = AppIcon;
				ASSETCATALOG_COMPILER_GLOBAL_ACCENT_COLOR_NAME = AccentColor;
				CODE_SIGN_ENTITLEMENTS = IssueTracker/IssueTracker.entitlements;
				CODE_SIGN_STYLE = Automatic;
				DEVELOPMENT_TEAM = B3PWYBKFUK;
				INFOPLIST_FILE = IssueTracker/Info.plist;
				LD_RUNPATH_SEARCH_PATHS = (
					"$(inherited)",
					"@executable_path/Frameworks",
				);
				PRODUCT_BUNDLE_IDENTIFIER = com.boostcamp.membership.IssueTracker;
				PRODUCT_NAME = "$(TARGET_NAME)";
				SWIFT_VERSION = 5.0;
				TARGETED_DEVICE_FAMILY = "1,2";
			};
			name = Debug;
		};
		FCF1970D2547AED200AED031 /* Release */ = {
			isa = XCBuildConfiguration;
			baseConfigurationReference = E934C920EDEFA21987108F25 /* Pods-IssueTracker.release.xcconfig */;
			buildSettings = {
				ASSETCATALOG_COMPILER_APPICON_NAME = AppIcon;
				ASSETCATALOG_COMPILER_GLOBAL_ACCENT_COLOR_NAME = AccentColor;
				CODE_SIGN_ENTITLEMENTS = IssueTracker/IssueTracker.entitlements;
				CODE_SIGN_STYLE = Automatic;
				DEVELOPMENT_TEAM = B3PWYBKFUK;
				INFOPLIST_FILE = IssueTracker/Info.plist;
				LD_RUNPATH_SEARCH_PATHS = (
					"$(inherited)",
					"@executable_path/Frameworks",
				);
				PRODUCT_BUNDLE_IDENTIFIER = com.boostcamp.membership.IssueTracker;
				PRODUCT_NAME = "$(TARGET_NAME)";
				SWIFT_VERSION = 5.0;
				TARGETED_DEVICE_FAMILY = "1,2";
			};
			name = Release;
		};
		FCF1970F2547AED200AED031 /* Debug */ = {
			isa = XCBuildConfiguration;
			baseConfigurationReference = 1387C09B6B383CB6B9FCF11C /* Pods-IssueTrackerTests.debug.xcconfig */;
			buildSettings = {
				ALWAYS_EMBED_SWIFT_STANDARD_LIBRARIES = YES;
				BUNDLE_LOADER = "$(TEST_HOST)";
				CODE_SIGN_STYLE = Automatic;
				DEVELOPMENT_TEAM = B3PWYBKFUK;
				INFOPLIST_FILE = IssueTrackerTests/Info.plist;
				IPHONEOS_DEPLOYMENT_TARGET = 14.0;
				LD_RUNPATH_SEARCH_PATHS = (
					"$(inherited)",
					"@executable_path/Frameworks",
					"@loader_path/Frameworks",
				);
				PRODUCT_BUNDLE_IDENTIFIER = com.boostcamp.membership.IssueTrackerTests;
				PRODUCT_NAME = "$(TARGET_NAME)";
				SWIFT_VERSION = 5.0;
				TARGETED_DEVICE_FAMILY = "1,2";
				TEST_HOST = "$(BUILT_PRODUCTS_DIR)/IssueTracker.app/IssueTracker";
			};
			name = Debug;
		};
		FCF197102547AED200AED031 /* Release */ = {
			isa = XCBuildConfiguration;
			baseConfigurationReference = F1FBA2F30619AD3ECA21E57C /* Pods-IssueTrackerTests.release.xcconfig */;
			buildSettings = {
				ALWAYS_EMBED_SWIFT_STANDARD_LIBRARIES = YES;
				BUNDLE_LOADER = "$(TEST_HOST)";
				CODE_SIGN_STYLE = Automatic;
				DEVELOPMENT_TEAM = B3PWYBKFUK;
				INFOPLIST_FILE = IssueTrackerTests/Info.plist;
				IPHONEOS_DEPLOYMENT_TARGET = 14.0;
				LD_RUNPATH_SEARCH_PATHS = (
					"$(inherited)",
					"@executable_path/Frameworks",
					"@loader_path/Frameworks",
				);
				PRODUCT_BUNDLE_IDENTIFIER = com.boostcamp.membership.IssueTrackerTests;
				PRODUCT_NAME = "$(TARGET_NAME)";
				SWIFT_VERSION = 5.0;
				TARGETED_DEVICE_FAMILY = "1,2";
				TEST_HOST = "$(BUILT_PRODUCTS_DIR)/IssueTracker.app/IssueTracker";
			};
			name = Release;
		};
		FCF197122547AED200AED031 /* Debug */ = {
			isa = XCBuildConfiguration;
			baseConfigurationReference = 980049A6BF9046B525AFD89B /* Pods-IssueTracker-IssueTrackerUITests.debug.xcconfig */;
			buildSettings = {
				ALWAYS_EMBED_SWIFT_STANDARD_LIBRARIES = YES;
				CODE_SIGN_STYLE = Automatic;
				DEVELOPMENT_TEAM = B3PWYBKFUK;
				INFOPLIST_FILE = IssueTrackerUITests/Info.plist;
				LD_RUNPATH_SEARCH_PATHS = (
					"$(inherited)",
					"@executable_path/Frameworks",
					"@loader_path/Frameworks",
				);
				PRODUCT_BUNDLE_IDENTIFIER = com.boostcamp.membership.IssueTrackerUITests;
				PRODUCT_NAME = "$(TARGET_NAME)";
				SWIFT_VERSION = 5.0;
				TARGETED_DEVICE_FAMILY = "1,2";
				TEST_TARGET_NAME = IssueTracker;
			};
			name = Debug;
		};
		FCF197132547AED200AED031 /* Release */ = {
			isa = XCBuildConfiguration;
			baseConfigurationReference = 149E23E57D0FA93E9AC93D70 /* Pods-IssueTracker-IssueTrackerUITests.release.xcconfig */;
			buildSettings = {
				ALWAYS_EMBED_SWIFT_STANDARD_LIBRARIES = YES;
				CODE_SIGN_STYLE = Automatic;
				DEVELOPMENT_TEAM = B3PWYBKFUK;
				INFOPLIST_FILE = IssueTrackerUITests/Info.plist;
				LD_RUNPATH_SEARCH_PATHS = (
					"$(inherited)",
					"@executable_path/Frameworks",
					"@loader_path/Frameworks",
				);
				PRODUCT_BUNDLE_IDENTIFIER = com.boostcamp.membership.IssueTrackerUITests;
				PRODUCT_NAME = "$(TARGET_NAME)";
				SWIFT_VERSION = 5.0;
				TARGETED_DEVICE_FAMILY = "1,2";
				TEST_TARGET_NAME = IssueTracker;
			};
			name = Release;
		};
/* End XCBuildConfiguration section */

/* Begin XCConfigurationList section */
		FCF196DC2547AED000AED031 /* Build configuration list for PBXProject "IssueTracker" */ = {
			isa = XCConfigurationList;
			buildConfigurations = (
				FCF197092547AED200AED031 /* Debug */,
				FCF1970A2547AED200AED031 /* Release */,
			);
			defaultConfigurationIsVisible = 0;
			defaultConfigurationName = Release;
		};
		FCF1970B2547AED200AED031 /* Build configuration list for PBXNativeTarget "IssueTracker" */ = {
			isa = XCConfigurationList;
			buildConfigurations = (
				FCF1970C2547AED200AED031 /* Debug */,
				FCF1970D2547AED200AED031 /* Release */,
			);
			defaultConfigurationIsVisible = 0;
			defaultConfigurationName = Release;
		};
		FCF1970E2547AED200AED031 /* Build configuration list for PBXNativeTarget "IssueTrackerTests" */ = {
			isa = XCConfigurationList;
			buildConfigurations = (
				FCF1970F2547AED200AED031 /* Debug */,
				FCF197102547AED200AED031 /* Release */,
			);
			defaultConfigurationIsVisible = 0;
			defaultConfigurationName = Release;
		};
		FCF197112547AED200AED031 /* Build configuration list for PBXNativeTarget "IssueTrackerUITests" */ = {
			isa = XCConfigurationList;
			buildConfigurations = (
				FCF197122547AED200AED031 /* Debug */,
				FCF197132547AED200AED031 /* Release */,
			);
			defaultConfigurationIsVisible = 0;
			defaultConfigurationName = Release;
		};
/* End XCConfigurationList section */
	};
	rootObject = FCF196D92547AED000AED031 /* Project object */;
}
